
Microsoft Visual Studio Solution File, Format Version 12.00
# Visual Studio Version 16
VisualStudioVersion = 16.0.29519.181
MinimumVisualStudioVersion = 10.0.40219.1
Project("{FAE04EC0-301F-11D3-BF4B-00C04F79EFBC}") = "Fire Control Service", "Fire Control Service\Fire Control Service.csproj", "{FF795680-5DAB-4657-ABCA-927D435B1C4C}"
EndProject
Project("{9A19103F-16F7-4668-BE54-9A1E7A4F7556}") = "ClientServerServices", "ClientServerServices\ClientServerServices\ClientServerServices.csproj", "{ED99C423-2080-4A97-B79C-9C0957536914}"
EndProject
Global
	GlobalSection(SolutionConfigurationPlatforms) = preSolution
		Debug|Any CPU = Debug|Any CPU
		Release|Any CPU = Release|Any CPU
	EndGlobalSection
	GlobalSection(ProjectConfigurationPlatforms) = postSolution
		{FF795680-5DAB-4657-ABCA-927D435B1C4C}.Debug|Any CPU.ActiveCfg = Debug|Any CPU
		{FF795680-5DAB-4657-ABCA-927D435B1C4C}.Debug|Any CPU.Build.0 = Debug|Any CPU
		{FF795680-5DAB-4657-ABCA-927D435B1C4C}.Release|Any CPU.ActiveCfg = Release|Any CPU
		{FF795680-5DAB-4657-ABCA-927D435B1C4C}.Release|Any CPU.Build.0 = Release|Any CPU
		{ED99C423-2080-4A97-B79C-9C0957536914}.Debug|Any CPU.ActiveCfg = Debug|Any CPU
		{ED99C423-2080-4A97-B79C-9C0957536914}.Debug|Any CPU.Build.0 = Debug|Any CPU
		{ED99C423-2080-4A97-B79C-9C0957536914}.Release|Any CPU.ActiveCfg = Release|Any CPU
		{ED99C423-2080-4A97-B79C-9C0957536914}.Release|Any CPU.Build.0 = Release|Any CPU
	EndGlobalSection
	GlobalSection(SolutionProperties) = preSolution
		HideSolutionNode = FALSE
	EndGlobalSection
	GlobalSection(ExtensibilityGlobals) = postSolution
		SolutionGuid = {67319374-9D82-4CE0-ABD4-BB7BDDC70FFE}
	EndGlobalSection
EndGlobal
